
Microsoft Visual Studio Solution File, Format Version 12.00
# Visual Studio Version 17
VisualStudioVersion = 17.2.32602.215
MinimumVisualStudioVersion = 10.0.40219.1
Project("{9A19103F-16F7-4668-BE54-9A1E7A4F7556}") = "RayMarchLib", "RayMarchLib\RayMarchLib.csproj", "{98CB1157-5527-42A2-956A-C30762381835}"
EndProject
Project("{9A19103F-16F7-4668-BE54-9A1E7A4F7556}") = "RayMarchConsole", "RayMarchConsole\RayMarchConsole.csproj", "{85DA72B9-FFFB-4888-9472-4AB4EB4D0AF1}"
EndProject
Project("{9A19103F-16F7-4668-BE54-9A1E7A4F7556}") = "RayMarchEditor", "RayMarchEditor\RayMarchEditor.csproj", "{0AF16287-1584-49B8-A59D-1AC7001382B4}"
EndProject
Project("{FAE04EC0-301F-11D3-BF4B-00C04F79EFBC}") = "RayMarchTest", "RayMarchTest\RayMarchTest.csproj", "{0569B126-2CF3-4040-92A7-547570BE5DC6}"
EndProject
Global
	GlobalSection(SolutionConfigurationPlatforms) = preSolution
		Debug|Any CPU = Debug|Any CPU
		Debug|arm64 = Debug|arm64
		Debug|x64 = Debug|x64
		Debug|x86 = Debug|x86
		Release|Any CPU = Release|Any CPU
		Release|arm64 = Release|arm64
		Release|x64 = Release|x64
		Release|x86 = Release|x86
	EndGlobalSection
	GlobalSection(ProjectConfigurationPlatforms) = postSolution
		{98CB1157-5527-42A2-956A-C30762381835}.Debug|Any CPU.ActiveCfg = Debug|Any CPU
		{98CB1157-5527-42A2-956A-C30762381835}.Debug|Any CPU.Build.0 = Debug|Any CPU
		{98CB1157-5527-42A2-956A-C30762381835}.Debug|arm64.ActiveCfg = Debug|Any CPU
		{98CB1157-5527-42A2-956A-C30762381835}.Debug|arm64.Build.0 = Debug|Any CPU
		{98CB1157-5527-42A2-956A-C30762381835}.Debug|x64.ActiveCfg = Debug|Any CPU
		{98CB1157-5527-42A2-956A-C30762381835}.Debug|x64.Build.0 = Debug|Any CPU
		{98CB1157-5527-42A2-956A-C30762381835}.Debug|x86.ActiveCfg = Debug|Any CPU
		{98CB1157-5527-42A2-956A-C30762381835}.Debug|x86.Build.0 = Debug|Any CPU
		{98CB1157-5527-42A2-956A-C30762381835}.Release|Any CPU.ActiveCfg = Release|Any CPU
		{98CB1157-5527-42A2-956A-C30762381835}.Release|Any CPU.Build.0 = Release|Any CPU
		{98CB1157-5527-42A2-956A-C30762381835}.Release|arm64.ActiveCfg = Release|Any CPU
		{98CB1157-5527-42A2-956A-C30762381835}.Release|arm64.Build.0 = Release|Any CPU
		{98CB1157-5527-42A2-956A-C30762381835}.Release|x64.ActiveCfg = Release|Any CPU
		{98CB1157-5527-42A2-956A-C30762381835}.Release|x64.Build.0 = Release|Any CPU
		{98CB1157-5527-42A2-956A-C30762381835}.Release|x86.ActiveCfg = Release|Any CPU
		{98CB1157-5527-42A2-956A-C30762381835}.Release|x86.Build.0 = Release|Any CPU
		{85DA72B9-FFFB-4888-9472-4AB4EB4D0AF1}.Debug|Any CPU.ActiveCfg = Debug|Any CPU
		{85DA72B9-FFFB-4888-9472-4AB4EB4D0AF1}.Debug|Any CPU.Build.0 = Debug|Any CPU
		{85DA72B9-FFFB-4888-9472-4AB4EB4D0AF1}.Debug|arm64.ActiveCfg = Debug|Any CPU
		{85DA72B9-FFFB-4888-9472-4AB4EB4D0AF1}.Debug|arm64.Build.0 = Debug|Any CPU
		{85DA72B9-FFFB-4888-9472-4AB4EB4D0AF1}.Debug|x64.ActiveCfg = Debug|Any CPU
		{85DA72B9-FFFB-4888-9472-4AB4EB4D0AF1}.Debug|x64.Build.0 = Debug|Any CPU
		{85DA72B9-FFFB-4888-9472-4AB4EB4D0AF1}.Debug|x86.ActiveCfg = Debug|Any CPU
		{85DA72B9-FFFB-4888-9472-4AB4EB4D0AF1}.Debug|x86.Build.0 = Debug|Any CPU
		{85DA72B9-FFFB-4888-9472-4AB4EB4D0AF1}.Release|Any CPU.ActiveCfg = Release|Any CPU
		{85DA72B9-FFFB-4888-9472-4AB4EB4D0AF1}.Release|Any CPU.Build.0 = Release|Any CPU
		{85DA72B9-FFFB-4888-9472-4AB4EB4D0AF1}.Release|arm64.ActiveCfg = Release|Any CPU
		{85DA72B9-FFFB-4888-9472-4AB4EB4D0AF1}.Release|arm64.Build.0 = Release|Any CPU
		{85DA72B9-FFFB-4888-9472-4AB4EB4D0AF1}.Release|x64.ActiveCfg = Release|Any CPU
		{85DA72B9-FFFB-4888-9472-4AB4EB4D0AF1}.Release|x64.Build.0 = Release|Any CPU
		{85DA72B9-FFFB-4888-9472-4AB4EB4D0AF1}.Release|x86.ActiveCfg = Release|Any CPU
		{85DA72B9-FFFB-4888-9472-4AB4EB4D0AF1}.Release|x86.Build.0 = Release|Any CPU
		{0AF16287-1584-49B8-A59D-1AC7001382B4}.Debug|Any CPU.ActiveCfg = Debug|x64
		{0AF16287-1584-49B8-A59D-1AC7001382B4}.Debug|Any CPU.Build.0 = Debug|x64
		{0AF16287-1584-49B8-A59D-1AC7001382B4}.Debug|Any CPU.Deploy.0 = Debug|x64
		{0AF16287-1584-49B8-A59D-1AC7001382B4}.Debug|arm64.ActiveCfg = Debug|arm64
		{0AF16287-1584-49B8-A59D-1AC7001382B4}.Debug|arm64.Build.0 = Debug|arm64
		{0AF16287-1584-49B8-A59D-1AC7001382B4}.Debug|arm64.Deploy.0 = Debug|arm64
		{0AF16287-1584-49B8-A59D-1AC7001382B4}.Debug|x64.ActiveCfg = Debug|x64
		{0AF16287-1584-49B8-A59D-1AC7001382B4}.Debug|x64.Build.0 = Debug|x64
		{0AF16287-1584-49B8-A59D-1AC7001382B4}.Debug|x64.Deploy.0 = Debug|x64
		{0AF16287-1584-49B8-A59D-1AC7001382B4}.Debug|x86.ActiveCfg = Debug|x86
		{0AF16287-1584-49B8-A59D-1AC7001382B4}.Debug|x86.Build.0 = Debug|x86
		{0AF16287-1584-49B8-A59D-1AC7001382B4}.Debug|x86.Deploy.0 = Debug|x86
		{0AF16287-1584-49B8-A59D-1AC7001382B4}.Release|Any CPU.ActiveCfg = Release|x64
		{0AF16287-1584-49B8-A59D-1AC7001382B4}.Release|Any CPU.Build.0 = Release|x64
		{0AF16287-1584-49B8-A59D-1AC7001382B4}.Release|Any CPU.Deploy.0 = Release|x64
		{0AF16287-1584-49B8-A59D-1AC7001382B4}.Release|arm64.ActiveCfg = Release|arm64
		{0AF16287-1584-49B8-A59D-1AC7001382B4}.Release|arm64.Build.0 = Release|arm64
		{0AF16287-1584-49B8-A59D-1AC7001382B4}.Release|arm64.Deploy.0 = Release|arm64
		{0AF16287-1584-49B8-A59D-1AC7001382B4}.Release|x64.ActiveCfg = Release|x64
		{0AF16287-1584-49B8-A59D-1AC7001382B4}.Release|x64.Build.0 = Release|x64
		{0AF16287-1584-49B8-A59D-1AC7001382B4}.Release|x64.Deploy.0 = Release|x64
		{0AF16287-1584-49B8-A59D-1AC7001382B4}.Release|x86.ActiveCfg = Release|x86
		{0AF16287-1584-49B8-A59D-1AC7001382B4}.Release|x86.Build.0 = Release|x86
		{0AF16287-1584-49B8-A59D-1AC7001382B4}.Release|x86.Deploy.0 = Release|x86
		{0569B126-2CF3-4040-92A7-547570BE5DC6}.Debug|Any CPU.ActiveCfg = Debug|Any CPU
		{0569B126-2CF3-4040-92A7-547570BE5DC6}.Debug|Any CPU.Build.0 = Debug|Any CPU
		{0569B126-2CF3-4040-92A7-547570BE5DC6}.Debug|arm64.ActiveCfg = Debug|Any CPU
		{0569B126-2CF3-4040-92A7-547570BE5DC6}.Debug|arm64.Build.0 = Debug|Any CPU
		{0569B126-2CF3-4040-92A7-547570BE5DC6}.Debug|x64.ActiveCfg = Debug|Any CPU
		{0569B126-2CF3-4040-92A7-547570BE5DC6}.Debug|x64.Build.0 = Debug|Any CPU
		{0569B126-2CF3-4040-92A7-547570BE5DC6}.Debug|x86.ActiveCfg = Debug|Any CPU
		{0569B126-2CF3-4040-92A7-547570BE5DC6}.Debug|x86.Build.0 = Debug|Any CPU
		{0569B126-2CF3-4040-92A7-547570BE5DC6}.Release|Any CPU.ActiveCfg = Release|Any CPU
		{0569B126-2CF3-4040-92A7-547570BE5DC6}.Release|Any CPU.Build.0 = Release|Any CPU
		{0569B126-2CF3-4040-92A7-547570BE5DC6}.Release|arm64.ActiveCfg = Release|Any CPU
		{0569B126-2CF3-4040-92A7-547570BE5DC6}.Release|arm64.Build.0 = Release|Any CPU
		{0569B126-2CF3-4040-92A7-547570BE5DC6}.Release|x64.ActiveCfg = Release|Any CPU
		{0569B126-2CF3-4040-92A7-547570BE5DC6}.Release|x64.Build.0 = Release|Any CPU
		{0569B126-2CF3-4040-92A7-547570BE5DC6}.Release|x86.ActiveCfg = Release|Any CPU
		{0569B126-2CF3-4040-92A7-547570BE5DC6}.Release|x86.Build.0 = Release|Any CPU
	EndGlobalSection
	GlobalSection(SolutionProperties) = preSolution
		HideSolutionNode = FALSE
	EndGlobalSection
	GlobalSection(ExtensibilityGlobals) = postSolution
		SolutionGuid = {0B06D92E-0FA4-489E-B782-121533267675}
	EndGlobalSection
EndGlobal
